
Microsoft Visual Studio Solution File, Format Version 12.00
# Visual Studio Version 17
VisualStudioVersion = 17.2.32630.192
MinimumVisualStudioVersion = 10.0.40219.1
Project("{FAE04EC0-301F-11D3-BF4B-00C04F79EFBC}") = "Conditions", "Conditions\Conditions.csproj", "{AE6E79B3-8ED5-4C5C-A891-21EAD6D56ACB}"
EndProject
Global
	GlobalSection(SolutionConfigurationPlatforms) = preSolution
		Debug|Any CPU = Debug|Any CPU
		Release|Any CPU = Release|Any CPU
	EndGlobalSection
	GlobalSection(ProjectConfigurationPlatforms) = postSolution
		{AE6E79B3-8ED5-4C5C-A891-21EAD6D56ACB}.Debug|Any CPU.ActiveCfg = Debug|Any CPU
		{AE6E79B3-8ED5-4C5C-A891-21EAD6D56ACB}.Debug|Any CPU.Build.0 = Debug|Any CPU
		{AE6E79B3-8ED5-4C5C-A891-21EAD6D56ACB}.Release|Any CPU.ActiveCfg = Release|Any CPU
		{AE6E79B3-8ED5-4C5C-A891-21EAD6D56ACB}.Release|Any CPU.Build.0 = Release|Any CPU
	EndGlobalSection
	GlobalSection(SolutionProperties) = preSolution
		HideSolutionNode = FALSE
	EndGlobalSection
	GlobalSection(ExtensibilityGlobals) = postSolution
		SolutionGuid = {E6098F5B-1E9E-4D36-A532-AC599C9D018D}
	EndGlobalSection
EndGlobal
